
Microsoft Visual Studio Solution File, Format Version 12.00
# Visual Studio Version 17
VisualStudioVersion = 17.8.34330.188
MinimumVisualStudioVersion = 10.0.40219.1
Project("{FAE04EC0-301F-11D3-BF4B-00C04F79EFBC}") = "Comestic", "Comestic\Comestic.csproj", "{B386BADC-5BB2-4984-9625-C8C3240849C4}"
EndProject
Global
	GlobalSection(SolutionConfigurationPlatforms) = preSolution
		Debug|Any CPU = Debug|Any CPU
		Release|Any CPU = Release|Any CPU
	EndGlobalSection
	GlobalSection(ProjectConfigurationPlatforms) = postSolution
		{B386BADC-5BB2-4984-9625-C8C3240849C4}.Debug|Any CPU.ActiveCfg = Debug|Any CPU
		{B386BADC-5BB2-4984-9625-C8C3240849C4}.Debug|Any CPU.Build.0 = Debug|Any CPU
		{B386BADC-5BB2-4984-9625-C8C3240849C4}.Release|Any CPU.ActiveCfg = Release|Any CPU
		{B386BADC-5BB2-4984-9625-C8C3240849C4}.Release|Any CPU.Build.0 = Release|Any CPU
	EndGlobalSection
	GlobalSection(SolutionProperties) = preSolution
		HideSolutionNode = FALSE
	EndGlobalSection
	GlobalSection(ExtensibilityGlobals) = postSolution
		SolutionGuid = {E3365D25-A078-4C29-80E1-57C58513F3EA}
	EndGlobalSection
EndGlobal
